// !$*UTF8*$!
{
	archiveVersion = 1;
	classes = {
	};
	objectVersion = 46;
	objects = {

/* Begin PBXBuildFile section */
		2A67F00F6590A137BF06CFA8 /* Pods_final_appTests.framework in Frameworks */ = {isa = PBXBuildFile; fileRef = 4074591763DF558B5F1D9DFB /* Pods_final_appTests.framework */; };
		3F08163B1CE354EC009C66E2 /* RegisterPageViewController.swift in Sources */ = {isa = PBXBuildFile; fileRef = 3F08163A1CE354EC009C66E2 /* RegisterPageViewController.swift */; };
		3F08163D1CE35C83009C66E2 /* LoginViewController.swift in Sources */ = {isa = PBXBuildFile; fileRef = 3F08163C1CE35C83009C66E2 /* LoginViewController.swift */; };
		3F7A135E1CDAE80000506427 /* ListController.swift in Sources */ = {isa = PBXBuildFile; fileRef = 3F7A135D1CDAE80000506427 /* ListController.swift */; };
		3F7A13601CDAED5800506427 /* ListItemController.swift in Sources */ = {isa = PBXBuildFile; fileRef = 3F7A135F1CDAED5800506427 /* ListItemController.swift */; };
		3F7A13671CDB0B2B00506427 /* List+CoreDataProperties.swift in Sources */ = {isa = PBXBuildFile; fileRef = 3F7A13611CDB0B2B00506427 /* List+CoreDataProperties.swift */; };
		3F7A13681CDB0B2B00506427 /* List.swift in Sources */ = {isa = PBXBuildFile; fileRef = 3F7A13621CDB0B2B00506427 /* List.swift */; };
		3F7A13691CDB0B2B00506427 /* ListItem+CoreDataProperties.swift in Sources */ = {isa = PBXBuildFile; fileRef = 3F7A13631CDB0B2B00506427 /* ListItem+CoreDataProperties.swift */; };
		3F7A136A1CDB0B2B00506427 /* ListItem.swift in Sources */ = {isa = PBXBuildFile; fileRef = 3F7A13641CDB0B2B00506427 /* ListItem.swift */; };
		3F7A136B1CDB0B2B00506427 /* Category+CoreDataProperties.swift in Sources */ = {isa = PBXBuildFile; fileRef = 3F7A13651CDB0B2B00506427 /* Category+CoreDataProperties.swift */; };
		3F7A136C1CDB0B2B00506427 /* Category.swift in Sources */ = {isa = PBXBuildFile; fileRef = 3F7A13661CDB0B2B00506427 /* Category.swift */; };
		3F7A136F1CDB0E6F00506427 /* Photo+CoreDataProperties.swift in Sources */ = {isa = PBXBuildFile; fileRef = 3F7A136D1CDB0E6F00506427 /* Photo+CoreDataProperties.swift */; };
		3F7A13701CDB0E6F00506427 /* Photo.swift in Sources */ = {isa = PBXBuildFile; fileRef = 3F7A136E1CDB0E6F00506427 /* Photo.swift */; };
		3F7A13721CDB0F1F00506427 /* CoreData.framework in Frameworks */ = {isa = PBXBuildFile; fileRef = 3F7A13711CDB0F1F00506427 /* CoreData.framework */; };
		3F7E2C081CDA368000AA02B7 /* CategoriesController.swift in Sources */ = {isa = PBXBuildFile; fileRef = 3F7E2C071CDA368000AA02B7 /* CategoriesController.swift */; };
		3F8115631CDCC67A00A9B880 /* User+CoreDataProperties.swift in Sources */ = {isa = PBXBuildFile; fileRef = 3F8115611CDCC67A00A9B880 /* User+CoreDataProperties.swift */; };
		3F8115641CDCC67A00A9B880 /* User.swift in Sources */ = {isa = PBXBuildFile; fileRef = 3F8115621CDCC67A00A9B880 /* User.swift */; };
		3F8115661CDCC6BB00A9B880 /* UserViewController.swift in Sources */ = {isa = PBXBuildFile; fileRef = 3F8115651CDCC6BB00A9B880 /* UserViewController.swift */; };
		3F8F38101CF337B700C75CD0 /* AddItemController.swift in Sources */ = {isa = PBXBuildFile; fileRef = 3F8F380F1CF337B700C75CD0 /* AddItemController.swift */; };
		3F8F38161CF3473900C75CD0 /* listItem2.swift in Sources */ = {isa = PBXBuildFile; fileRef = 3F8F38151CF3473900C75CD0 /* listItem2.swift */; };
		3F8F38181CF4746200C75CD0 /* PhotoCell.swift in Sources */ = {isa = PBXBuildFile; fileRef = 3F8F38171CF4746200C75CD0 /* PhotoCell.swift */; };
		3F8F381A1CF483A500C75CD0 /* ViewPhotoController.swift in Sources */ = {isa = PBXBuildFile; fileRef = 3F8F38191CF483A500C75CD0 /* ViewPhotoController.swift */; };
		3FBAE3AA1CD1C722009B09F2 /* AppDelegate.swift in Sources */ = {isa = PBXBuildFile; fileRef = 3FBAE3A91CD1C722009B09F2 /* AppDelegate.swift */; };
		3FBAE3AC1CD1C722009B09F2 /* ViewController.swift in Sources */ = {isa = PBXBuildFile; fileRef = 3FBAE3AB1CD1C722009B09F2 /* ViewController.swift */; };
		3FBAE3AF1CD1C722009B09F2 /* Main.storyboard in Resources */ = {isa = PBXBuildFile; fileRef = 3FBAE3AD1CD1C722009B09F2 /* Main.storyboard */; };
		3FBAE3B21CD1C722009B09F2 /* final_app.xcdatamodeld in Sources */ = {isa = PBXBuildFile; fileRef = 3FBAE3B01CD1C722009B09F2 /* final_app.xcdatamodeld */; };
		3FBAE3B41CD1C722009B09F2 /* Assets.xcassets in Resources */ = {isa = PBXBuildFile; fileRef = 3FBAE3B31CD1C722009B09F2 /* Assets.xcassets */; };
		3FBAE3B71CD1C722009B09F2 /* LaunchScreen.storyboard in Resources */ = {isa = PBXBuildFile; fileRef = 3FBAE3B51CD1C722009B09F2 /* LaunchScreen.storyboard */; };
		3FBAE3C21CD1C722009B09F2 /* final_appTests.swift in Sources */ = {isa = PBXBuildFile; fileRef = 3FBAE3C11CD1C722009B09F2 /* final_appTests.swift */; };
		3FBAE3CD1CD1C723009B09F2 /* final_appUITests.swift in Sources */ = {isa = PBXBuildFile; fileRef = 3FBAE3CC1CD1C723009B09F2 /* final_appUITests.swift */; };
		3FD74D391D05A58400DB91B2 /* PhotoCell2.swift in Sources */ = {isa = PBXBuildFile; fileRef = 3FD74D381D05A58400DB91B2 /* PhotoCell2.swift */; };
		3FE7983B1CF56F8200A91D0C /* CoreLocation.framework in Frameworks */ = {isa = PBXBuildFile; fileRef = 3FE7983A1CF56F8200A91D0C /* CoreLocation.framework */; };
		3FE7983D1CF5F55700A91D0C /* ViewItemController.swift in Sources */ = {isa = PBXBuildFile; fileRef = 3FE7983C1CF5F55700A91D0C /* ViewItemController.swift */; };
		DD6D0B1D6778487A68E9B542 /* Pods_final_app.framework in Frameworks */ = {isa = PBXBuildFile; fileRef = 1B4D3B05CEE8DF81287EAD43 /* Pods_final_app.framework */; };
		F53C915019DD3538DE4EDFFC /* Pods_final_appUITests.framework in Frameworks */ = {isa = PBXBuildFile; fileRef = 2CA5F095CFA9B64ADF6C5F46 /* Pods_final_appUITests.framework */; };
/* End PBXBuildFile section */

/* Begin PBXContainerItemProxy section */
		3FBAE3BE1CD1C722009B09F2 /* PBXContainerItemProxy */ = {
			isa = PBXContainerItemProxy;
			containerPortal = 3FBAE39E1CD1C722009B09F2 /* Project object */;
			proxyType = 1;
			remoteGlobalIDString = 3FBAE3A51CD1C722009B09F2;
			remoteInfo = "final app";
		};
		3FBAE3C91CD1C722009B09F2 /* PBXContainerItemProxy */ = {
			isa = PBXContainerItemProxy;
			containerPortal = 3FBAE39E1CD1C722009B09F2 /* Project object */;
			proxyType = 1;
			remoteGlobalIDString = 3FBAE3A51CD1C722009B09F2;
			remoteInfo = "final app";
		};
/* End PBXContainerItemProxy section */

/* Begin PBXFileReference section */
		0D6CF71BEA5B45003B43D4B0 /* Pods-final app.debug.xcconfig */ = {isa = PBXFileReference; includeInIndex = 1; lastKnownFileType = text.xcconfig; name = "Pods-final app.debug.xcconfig"; path = "Pods/Target Support Files/Pods-final app/Pods-final app.debug.xcconfig"; sourceTree = "<group>"; };
		0F2DF4F3A7211E229C1DE7F9 /* Pods-final appTests.release.xcconfig */ = {isa = PBXFileReference; includeInIndex = 1; lastKnownFileType = text.xcconfig; name = "Pods-final appTests.release.xcconfig"; path = "Pods/Target Support Files/Pods-final appTests/Pods-final appTests.release.xcconfig"; sourceTree = "<group>"; };
		1AC5DF46E2FBA9D02C239323 /* Pods-final app.release.xcconfig */ = {isa = PBXFileReference; includeInIndex = 1; lastKnownFileType = text.xcconfig; name = "Pods-final app.release.xcconfig"; path = "Pods/Target Support Files/Pods-final app/Pods-final app.release.xcconfig"; sourceTree = "<group>"; };
		1B4D3B05CEE8DF81287EAD43 /* Pods_final_app.framework */ = {isa = PBXFileReference; explicitFileType = wrapper.framework; includeInIndex = 0; path = Pods_final_app.framework; sourceTree = BUILT_PRODUCTS_DIR; };
		2CA5F095CFA9B64ADF6C5F46 /* Pods_final_appUITests.framework */ = {isa = PBXFileReference; explicitFileType = wrapper.framework; includeInIndex = 0; path = Pods_final_appUITests.framework; sourceTree = BUILT_PRODUCTS_DIR; };
		3F08163A1CE354EC009C66E2 /* RegisterPageViewController.swift */ = {isa = PBXFileReference; fileEncoding = 4; lastKnownFileType = sourcecode.swift; path = RegisterPageViewController.swift; sourceTree = "<group>"; };
		3F08163C1CE35C83009C66E2 /* LoginViewController.swift */ = {isa = PBXFileReference; fileEncoding = 4; lastKnownFileType = sourcecode.swift; path = LoginViewController.swift; sourceTree = "<group>"; };
		3F7A135D1CDAE80000506427 /* ListController.swift */ = {isa = PBXFileReference; fileEncoding = 4; lastKnownFileType = sourcecode.swift; path = ListController.swift; sourceTree = "<group>"; };
		3F7A135F1CDAED5800506427 /* ListItemController.swift */ = {isa = PBXFileReference; fileEncoding = 4; lastKnownFileType = sourcecode.swift; path = ListItemController.swift; sourceTree = "<group>"; };
		3F7A13611CDB0B2B00506427 /* List+CoreDataProperties.swift */ = {isa = PBXFileReference; fileEncoding = 4; lastKnownFileType = sourcecode.swift; path = "List+CoreDataProperties.swift"; sourceTree = "<group>"; };
		3F7A13621CDB0B2B00506427 /* List.swift */ = {isa = PBXFileReference; fileEncoding = 4; lastKnownFileType = sourcecode.swift; path = List.swift; sourceTree = "<group>"; };
		3F7A13631CDB0B2B00506427 /* ListItem+CoreDataProperties.swift */ = {isa = PBXFileReference; fileEncoding = 4; lastKnownFileType = sourcecode.swift; path = "ListItem+CoreDataProperties.swift"; sourceTree = "<group>"; };
		3F7A13641CDB0B2B00506427 /* ListItem.swift */ = {isa = PBXFileReference; fileEncoding = 4; lastKnownFileType = sourcecode.swift; path = ListItem.swift; sourceTree = "<group>"; };
		3F7A13651CDB0B2B00506427 /* Category+CoreDataProperties.swift */ = {isa = PBXFileReference; fileEncoding = 4; lastKnownFileType = sourcecode.swift; path = "Category+CoreDataProperties.swift"; sourceTree = "<group>"; };
		3F7A13661CDB0B2B00506427 /* Category.swift */ = {isa = PBXFileReference; fileEncoding = 4; lastKnownFileType = sourcecode.swift; path = Category.swift; sourceTree = "<group>"; };
		3F7A136D1CDB0E6F00506427 /* Photo+CoreDataProperties.swift */ = {isa = PBXFileReference; fileEncoding = 4; lastKnownFileType = sourcecode.swift; path = "Photo+CoreDataProperties.swift"; sourceTree = "<group>"; };
		3F7A136E1CDB0E6F00506427 /* Photo.swift */ = {isa = PBXFileReference; fileEncoding = 4; lastKnownFileType = sourcecode.swift; path = Photo.swift; sourceTree = "<group>"; };
		3F7A13711CDB0F1F00506427 /* CoreData.framework */ = {isa = PBXFileReference; lastKnownFileType = wrapper.framework; name = CoreData.framework; path = System/Library/Frameworks/CoreData.framework; sourceTree = SDKROOT; };
		3F7E2C071CDA368000AA02B7 /* CategoriesController.swift */ = {isa = PBXFileReference; fileEncoding = 4; lastKnownFileType = sourcecode.swift; path = CategoriesController.swift; sourceTree = "<group>"; };
		3F8115611CDCC67A00A9B880 /* User+CoreDataProperties.swift */ = {isa = PBXFileReference; fileEncoding = 4; lastKnownFileType = sourcecode.swift; path = "User+CoreDataProperties.swift"; sourceTree = "<group>"; };
		3F8115621CDCC67A00A9B880 /* User.swift */ = {isa = PBXFileReference; fileEncoding = 4; lastKnownFileType = sourcecode.swift; path = User.swift; sourceTree = "<group>"; };
		3F8115651CDCC6BB00A9B880 /* UserViewController.swift */ = {isa = PBXFileReference; fileEncoding = 4; lastKnownFileType = sourcecode.swift; name = UserViewController.swift; path = ../UserViewController.swift; sourceTree = "<group>"; };
		3F8F380F1CF337B700C75CD0 /* AddItemController.swift */ = {isa = PBXFileReference; fileEncoding = 4; lastKnownFileType = sourcecode.swift; path = AddItemController.swift; sourceTree = "<group>"; };
		3F8F38151CF3473900C75CD0 /* listItem2.swift */ = {isa = PBXFileReference; fileEncoding = 4; lastKnownFileType = sourcecode.swift; path = listItem2.swift; sourceTree = "<group>"; };
		3F8F38171CF4746200C75CD0 /* PhotoCell.swift */ = {isa = PBXFileReference; fileEncoding = 4; lastKnownFileType = sourcecode.swift; path = PhotoCell.swift; sourceTree = "<group>"; };
		3F8F38191CF483A500C75CD0 /* ViewPhotoController.swift */ = {isa = PBXFileReference; fileEncoding = 4; lastKnownFileType = sourcecode.swift; path = ViewPhotoController.swift; sourceTree = "<group>"; };
		3FBAE3A61CD1C722009B09F2 /* final app.app */ = {isa = PBXFileReference; explicitFileType = wrapper.application; includeInIndex = 0; path = "final app.app"; sourceTree = BUILT_PRODUCTS_DIR; };
		3FBAE3A91CD1C722009B09F2 /* AppDelegate.swift */ = {isa = PBXFileReference; lastKnownFileType = sourcecode.swift; path = AppDelegate.swift; sourceTree = "<group>"; };
		3FBAE3AB1CD1C722009B09F2 /* ViewController.swift */ = {isa = PBXFileReference; lastKnownFileType = sourcecode.swift; path = ViewController.swift; sourceTree = "<group>"; };
		3FBAE3AE1CD1C722009B09F2 /* Base */ = {isa = PBXFileReference; lastKnownFileType = file.storyboard; name = Base; path = Base.lproj/Main.storyboard; sourceTree = "<group>"; };
		3FBAE3B11CD1C722009B09F2 /* final_app.xcdatamodel */ = {isa = PBXFileReference; lastKnownFileType = wrapper.xcdatamodel; path = final_app.xcdatamodel; sourceTree = "<group>"; };
		3FBAE3B31CD1C722009B09F2 /* Assets.xcassets */ = {isa = PBXFileReference; lastKnownFileType = folder.assetcatalog; path = Assets.xcassets; sourceTree = "<group>"; };
		3FBAE3B61CD1C722009B09F2 /* Base */ = {isa = PBXFileReference; lastKnownFileType = file.storyboard; name = Base; path = Base.lproj/LaunchScreen.storyboard; sourceTree = "<group>"; };
		3FBAE3B81CD1C722009B09F2 /* Info.plist */ = {isa = PBXFileReference; lastKnownFileType = text.plist.xml; path = Info.plist; sourceTree = "<group>"; };
		3FBAE3BD1CD1C722009B09F2 /* final appTests.xctest */ = {isa = PBXFileReference; explicitFileType = wrapper.cfbundle; includeInIndex = 0; path = "final appTests.xctest"; sourceTree = BUILT_PRODUCTS_DIR; };
		3FBAE3C11CD1C722009B09F2 /* final_appTests.swift */ = {isa = PBXFileReference; lastKnownFileType = sourcecode.swift; path = final_appTests.swift; sourceTree = "<group>"; };
		3FBAE3C31CD1C722009B09F2 /* Info.plist */ = {isa = PBXFileReference; lastKnownFileType = text.plist.xml; path = Info.plist; sourceTree = "<group>"; };
		3FBAE3C81CD1C722009B09F2 /* final appUITests.xctest */ = {isa = PBXFileReference; explicitFileType = wrapper.cfbundle; includeInIndex = 0; path = "final appUITests.xctest"; sourceTree = BUILT_PRODUCTS_DIR; };
		3FBAE3CC1CD1C723009B09F2 /* final_appUITests.swift */ = {isa = PBXFileReference; lastKnownFileType = sourcecode.swift; path = final_appUITests.swift; sourceTree = "<group>"; };
		3FBAE3CE1CD1C723009B09F2 /* Info.plist */ = {isa = PBXFileReference; lastKnownFileType = text.plist.xml; path = Info.plist; sourceTree = "<group>"; };
		3FD74D381D05A58400DB91B2 /* PhotoCell2.swift */ = {isa = PBXFileReference; fileEncoding = 4; lastKnownFileType = sourcecode.swift; path = PhotoCell2.swift; sourceTree = "<group>"; };
		3FE7983A1CF56F8200A91D0C /* CoreLocation.framework */ = {isa = PBXFileReference; lastKnownFileType = wrapper.framework; name = CoreLocation.framework; path = System/Library/Frameworks/CoreLocation.framework; sourceTree = SDKROOT; };
		3FE7983C1CF5F55700A91D0C /* ViewItemController.swift */ = {isa = PBXFileReference; fileEncoding = 4; lastKnownFileType = sourcecode.swift; path = ViewItemController.swift; sourceTree = "<group>"; };
		4074591763DF558B5F1D9DFB /* Pods_final_appTests.framework */ = {isa = PBXFileReference; explicitFileType = wrapper.framework; includeInIndex = 0; path = Pods_final_appTests.framework; sourceTree = BUILT_PRODUCTS_DIR; };
		44C07861DB5C7CC53918F988 /* Pods-final appTests.debug.xcconfig */ = {isa = PBXFileReference; includeInIndex = 1; lastKnownFileType = text.xcconfig; name = "Pods-final appTests.debug.xcconfig"; path = "Pods/Target Support Files/Pods-final appTests/Pods-final appTests.debug.xcconfig"; sourceTree = "<group>"; };
		75416AACEABE249A2A7B387F /* Pods-final appUITests.debug.xcconfig */ = {isa = PBXFileReference; includeInIndex = 1; lastKnownFileType = text.xcconfig; name = "Pods-final appUITests.debug.xcconfig"; path = "Pods/Target Support Files/Pods-final appUITests/Pods-final appUITests.debug.xcconfig"; sourceTree = "<group>"; };
		BA5B388F7E3CE21935B3C5C0 /* Pods-final appUITests.release.xcconfig */ = {isa = PBXFileReference; includeInIndex = 1; lastKnownFileType = text.xcconfig; name = "Pods-final appUITests.release.xcconfig"; path = "Pods/Target Support Files/Pods-final appUITests/Pods-final appUITests.release.xcconfig"; sourceTree = "<group>"; };
/* End PBXFileReference section */

/* Begin PBXFrameworksBuildPhase section */
		3FBAE3A31CD1C722009B09F2 /* Frameworks */ = {
			isa = PBXFrameworksBuildPhase;
			buildActionMask = 2147483647;
			files = (
				3FE7983B1CF56F8200A91D0C /* CoreLocation.framework in Frameworks */,
				3F7A13721CDB0F1F00506427 /* CoreData.framework in Frameworks */,
				DD6D0B1D6778487A68E9B542 /* Pods_final_app.framework in Frameworks */,
			);
			runOnlyForDeploymentPostprocessing = 0;
		};
		3FBAE3BA1CD1C722009B09F2 /* Frameworks */ = {
			isa = PBXFrameworksBuildPhase;
			buildActionMask = 2147483647;
			files = (
				2A67F00F6590A137BF06CFA8 /* Pods_final_appTests.framework in Frameworks */,
			);
			runOnlyForDeploymentPostprocessing = 0;
		};
		3FBAE3C51CD1C722009B09F2 /* Frameworks */ = {
			isa = PBXFrameworksBuildPhase;
			buildActionMask = 2147483647;
			files = (
				F53C915019DD3538DE4EDFFC /* Pods_final_appUITests.framework in Frameworks */,
			);
			runOnlyForDeploymentPostprocessing = 0;
		};
/* End PBXFrameworksBuildPhase section */

/* Begin PBXGroup section */
		30E8BBA7B499CB43C3A0277E /* Frameworks */ = {
			isa = PBXGroup;
			children = (
				3FE7983A1CF56F8200A91D0C /* CoreLocation.framework */,
				1B4D3B05CEE8DF81287EAD43 /* Pods_final_app.framework */,
				4074591763DF558B5F1D9DFB /* Pods_final_appTests.framework */,
				2CA5F095CFA9B64ADF6C5F46 /* Pods_final_appUITests.framework */,
			);
			name = Frameworks;
			sourceTree = "<group>";
		};
		3FBAE39D1CD1C722009B09F2 = {
			isa = PBXGroup;
			children = (
				3F7A13711CDB0F1F00506427 /* CoreData.framework */,
				3FBAE3A81CD1C722009B09F2 /* final app */,
				3FBAE3C01CD1C722009B09F2 /* final appTests */,
				3FBAE3CB1CD1C723009B09F2 /* final appUITests */,
				3FBAE3A71CD1C722009B09F2 /* Products */,
				6C4E9A34631B4551AD235354 /* Pods */,
				30E8BBA7B499CB43C3A0277E /* Frameworks */,
			);
			sourceTree = "<group>";
		};
		3FBAE3A71CD1C722009B09F2 /* Products */ = {
			isa = PBXGroup;
			children = (
				3FBAE3A61CD1C722009B09F2 /* final app.app */,
				3FBAE3BD1CD1C722009B09F2 /* final appTests.xctest */,
				3FBAE3C81CD1C722009B09F2 /* final appUITests.xctest */,
			);
			name = Products;
			sourceTree = "<group>";
		};
		3FBAE3A81CD1C722009B09F2 /* final app */ = {
			isa = PBXGroup;
			children = (
				3F08163A1CE354EC009C66E2 /* RegisterPageViewController.swift */,
				3F08163C1CE35C83009C66E2 /* LoginViewController.swift */,
				3F8115651CDCC6BB00A9B880 /* UserViewController.swift */,
				3F8115621CDCC67A00A9B880 /* User.swift */,
				3F8115611CDCC67A00A9B880 /* User+CoreDataProperties.swift */,
				3F7A136D1CDB0E6F00506427 /* Photo+CoreDataProperties.swift */,
				3F7A136E1CDB0E6F00506427 /* Photo.swift */,
				3F7A13611CDB0B2B00506427 /* List+CoreDataProperties.swift */,
				3F7A13621CDB0B2B00506427 /* List.swift */,
				3F7A13631CDB0B2B00506427 /* ListItem+CoreDataProperties.swift */,
				3F7A13641CDB0B2B00506427 /* ListItem.swift */,
				3F7A13651CDB0B2B00506427 /* Category+CoreDataProperties.swift */,
				3F7A13661CDB0B2B00506427 /* Category.swift */,
				3FBAE3A91CD1C722009B09F2 /* AppDelegate.swift */,
				3FBAE3AB1CD1C722009B09F2 /* ViewController.swift */,
				3FBAE3AD1CD1C722009B09F2 /* Main.storyboard */,
				3FE7983C1CF5F55700A91D0C /* ViewItemController.swift */,
				3F8F38191CF483A500C75CD0 /* ViewPhotoController.swift */,
				3F8F38171CF4746200C75CD0 /* PhotoCell.swift */,
				3FD74D381D05A58400DB91B2 /* PhotoCell2.swift */,
				3FBAE3B31CD1C722009B09F2 /* Assets.xcassets */,
				3FBAE3B51CD1C722009B09F2 /* LaunchScreen.storyboard */,
				3FBAE3B81CD1C722009B09F2 /* Info.plist */,
				3FBAE3B01CD1C722009B09F2 /* final_app.xcdatamodeld */,
				3F8F380F1CF337B700C75CD0 /* AddItemController.swift */,
				3F7A135F1CDAED5800506427 /* ListItemController.swift */,
				3F7A135D1CDAE80000506427 /* ListController.swift */,
				3F7E2C071CDA368000AA02B7 /* CategoriesController.swift */,
				3F8F38151CF3473900C75CD0 /* listItem2.swift */,
			);
			path = "final app";
			sourceTree = "<group>";
		};
		3FBAE3C01CD1C722009B09F2 /* final appTests */ = {
			isa = PBXGroup;
			children = (
				3FBAE3C11CD1C722009B09F2 /* final_appTests.swift */,
				3FBAE3C31CD1C722009B09F2 /* Info.plist */,
			);
			path = "final appTests";
			sourceTree = "<group>";
		};
		3FBAE3CB1CD1C723009B09F2 /* final appUITests */ = {
			isa = PBXGroup;
			children = (
				3FBAE3CC1CD1C723009B09F2 /* final_appUITests.swift */,
				3FBAE3CE1CD1C723009B09F2 /* Info.plist */,
			);
			path = "final appUITests";
			sourceTree = "<group>";
		};
		6C4E9A34631B4551AD235354 /* Pods */ = {
			isa = PBXGroup;
			children = (
				0D6CF71BEA5B45003B43D4B0 /* Pods-final app.debug.xcconfig */,
				1AC5DF46E2FBA9D02C239323 /* Pods-final app.release.xcconfig */,
				44C07861DB5C7CC53918F988 /* Pods-final appTests.debug.xcconfig */,
				0F2DF4F3A7211E229C1DE7F9 /* Pods-final appTests.release.xcconfig */,
				75416AACEABE249A2A7B387F /* Pods-final appUITests.debug.xcconfig */,
				BA5B388F7E3CE21935B3C5C0 /* Pods-final appUITests.release.xcconfig */,
			);
			name = Pods;
			sourceTree = "<group>";
		};
/* End PBXGroup section */

/* Begin PBXNativeTarget section */
		3FBAE3A51CD1C722009B09F2 /* final app */ = {
			isa = PBXNativeTarget;
			buildConfigurationList = 3FBAE3D11CD1C723009B09F2 /* Build configuration list for PBXNativeTarget "final app" */;
			buildPhases = (
				733C3B6DC4532B6E5CDA2FC2 /* 📦 Check Pods Manifest.lock */,
				3FBAE3A21CD1C722009B09F2 /* Sources */,
				3FBAE3A31CD1C722009B09F2 /* Frameworks */,
				3FBAE3A41CD1C722009B09F2 /* Resources */,
				87D247F1C85E29EF377AFD61 /* 📦 Embed Pods Frameworks */,
				C06169BD0A71678FD613AD57 /* 📦 Copy Pods Resources */,
			);
			buildRules = (
			);
			dependencies = (
			);
			name = "final app";
			productName = "final app";
			productReference = 3FBAE3A61CD1C722009B09F2 /* final app.app */;
			productType = "com.apple.product-type.application";
		};
		3FBAE3BC1CD1C722009B09F2 /* final appTests */ = {
			isa = PBXNativeTarget;
			buildConfigurationList = 3FBAE3D41CD1C723009B09F2 /* Build configuration list for PBXNativeTarget "final appTests" */;
			buildPhases = (
				DA5CDBBDAE1646BDA930964B /* 📦 Check Pods Manifest.lock */,
				3FBAE3B91CD1C722009B09F2 /* Sources */,
				3FBAE3BA1CD1C722009B09F2 /* Frameworks */,
				3FBAE3BB1CD1C722009B09F2 /* Resources */,
				B72F61442ECADD33D8C91F94 /* 📦 Embed Pods Frameworks */,
				C308A8335DF4AE9F6E6CD791 /* 📦 Copy Pods Resources */,
			);
			buildRules = (
			);
			dependencies = (
				3FBAE3BF1CD1C722009B09F2 /* PBXTargetDependency */,
			);
			name = "final appTests";
			productName = "final appTests";
			productReference = 3FBAE3BD1CD1C722009B09F2 /* final appTests.xctest */;
			productType = "com.apple.product-type.bundle.unit-test";
		};
		3FBAE3C71CD1C722009B09F2 /* final appUITests */ = {
			isa = PBXNativeTarget;
			buildConfigurationList = 3FBAE3D71CD1C723009B09F2 /* Build configuration list for PBXNativeTarget "final appUITests" */;
			buildPhases = (
				94EC3B4B3028F96F917AD00C /* 📦 Check Pods Manifest.lock */,
				3FBAE3C41CD1C722009B09F2 /* Sources */,
				3FBAE3C51CD1C722009B09F2 /* Frameworks */,
				3FBAE3C61CD1C722009B09F2 /* Resources */,
				9AF8A4A0F04EAA40270BA825 /* 📦 Copy Pods Resources */,
			);
			buildRules = (
			);
			dependencies = (
				3FBAE3CA1CD1C722009B09F2 /* PBXTargetDependency */,
			);
			name = "final appUITests";
			productName = "final appUITests";
			productReference = 3FBAE3C81CD1C722009B09F2 /* final appUITests.xctest */;
			productType = "com.apple.product-type.bundle.ui-testing";
		};
/* End PBXNativeTarget section */

/* Begin PBXProject section */
		3FBAE39E1CD1C722009B09F2 /* Project object */ = {
			isa = PBXProject;
			attributes = {
				LastSwiftUpdateCheck = 0710;
				LastUpgradeCheck = 0710;
				ORGANIZATIONNAME = DuyLinh;
				TargetAttributes = {
					3FBAE3A51CD1C722009B09F2 = {
						CreatedOnToolsVersion = 7.1.1;
						DevelopmentTeam = 6PUHD2AWQT;
					};
					3FBAE3BC1CD1C722009B09F2 = {
						CreatedOnToolsVersion = 7.1.1;
						DevelopmentTeam = 6PUHD2AWQT;
						TestTargetID = 3FBAE3A51CD1C722009B09F2;
					};
					3FBAE3C71CD1C722009B09F2 = {
						CreatedOnToolsVersion = 7.1.1;
						DevelopmentTeam = 6PUHD2AWQT;
						TestTargetID = 3FBAE3A51CD1C722009B09F2;
					};
				};
			};
			buildConfigurationList = 3FBAE3A11CD1C722009B09F2 /* Build configuration list for PBXProject "final app" */;
			compatibilityVersion = "Xcode 3.2";
			developmentRegion = English;
			hasScannedForEncodings = 0;
			knownRegions = (
				en,
				Base,
			);
			mainGroup = 3FBAE39D1CD1C722009B09F2;
			productRefGroup = 3FBAE3A71CD1C722009B09F2 /* Products */;
			projectDirPath = "";
			projectRoot = "";
			targets = (
				3FBAE3A51CD1C722009B09F2 /* final app */,
				3FBAE3BC1CD1C722009B09F2 /* final appTests */,
				3FBAE3C71CD1C722009B09F2 /* final appUITests */,
			);
		};
/* End PBXProject section */

/* Begin PBXResourcesBuildPhase section */
		3FBAE3A41CD1C722009B09F2 /* Resources */ = {
			isa = PBXResourcesBuildPhase;
			buildActionMask = 2147483647;
			files = (
				3FBAE3B71CD1C722009B09F2 /* LaunchScreen.storyboard in Resources */,
				3FBAE3B41CD1C722009B09F2 /* Assets.xcassets in Resources */,
				3FBAE3AF1CD1C722009B09F2 /* Main.storyboard in Resources */,
			);
			runOnlyForDeploymentPostprocessing = 0;
		};
		3FBAE3BB1CD1C722009B09F2 /* Resources */ = {
			isa = PBXResourcesBuildPhase;
			buildActionMask = 2147483647;
			files = (
			);
			runOnlyForDeploymentPostprocessing = 0;
		};
		3FBAE3C61CD1C722009B09F2 /* Resources */ = {
			isa = PBXResourcesBuildPhase;
			buildActionMask = 2147483647;
			files = (
			);
			runOnlyForDeploymentPostprocessing = 0;
		};
/* End PBXResourcesBuildPhase section */

/* Begin PBXShellScriptBuildPhase section */
		733C3B6DC4532B6E5CDA2FC2 /* 📦 Check Pods Manifest.lock */ = {
			isa = PBXShellScriptBuildPhase;
			buildActionMask = 2147483647;
			files = (
			);
			inputPaths = (
			);
			name = "📦 Check Pods Manifest.lock";
			outputPaths = (
			);
			runOnlyForDeploymentPostprocessing = 0;
			shellPath = /bin/sh;
			shellScript = "diff \"${PODS_ROOT}/../Podfile.lock\" \"${PODS_ROOT}/Manifest.lock\" > /dev/null\nif [[ $? != 0 ]] ; then\n    cat << EOM\nerror: The sandbox is not in sync with the Podfile.lock. Run 'pod install' or update your CocoaPods installation.\nEOM\n    exit 1\nfi\n";
			showEnvVarsInLog = 0;
		};
		87D247F1C85E29EF377AFD61 /* 📦 Embed Pods Frameworks */ = {
			isa = PBXShellScriptBuildPhase;
			buildActionMask = 2147483647;
			files = (
			);
			inputPaths = (
			);
			name = "📦 Embed Pods Frameworks";
			outputPaths = (
			);
			runOnlyForDeploymentPostprocessing = 0;
			shellPath = /bin/sh;
			shellScript = "\"${SRCROOT}/Pods/Target Support Files/Pods-final app/Pods-final app-frameworks.sh\"\n";
			showEnvVarsInLog = 0;
		};
		94EC3B4B3028F96F917AD00C /* 📦 Check Pods Manifest.lock */ = {
			isa = PBXShellScriptBuildPhase;
			buildActionMask = 2147483647;
			files = (
			);
			inputPaths = (
			);
			name = "📦 Check Pods Manifest.lock";
			outputPaths = (
			);
			runOnlyForDeploymentPostprocessing = 0;
			shellPath = /bin/sh;
			shellScript = "diff \"${PODS_ROOT}/../Podfile.lock\" \"${PODS_ROOT}/Manifest.lock\" > /dev/null\nif [[ $? != 0 ]] ; then\n    cat << EOM\nerror: The sandbox is not in sync with the Podfile.lock. Run 'pod install' or update your CocoaPods installation.\nEOM\n    exit 1\nfi\n";
			showEnvVarsInLog = 0;
		};
		9AF8A4A0F04EAA40270BA825 /* 📦 Copy Pods Resources */ = {
			isa = PBXShellScriptBuildPhase;
			buildActionMask = 2147483647;
			files = (
			);
			inputPaths = (
			);
			name = "📦 Copy Pods Resources";
			outputPaths = (
			);
			runOnlyForDeploymentPostprocessing = 0;
			shellPath = /bin/sh;
			shellScript = "\"${SRCROOT}/Pods/Target Support Files/Pods-final appUITests/Pods-final appUITests-resources.sh\"\n";
			showEnvVarsInLog = 0;
		};
		B72F61442ECADD33D8C91F94 /* 📦 Embed Pods Frameworks */ = {
			isa = PBXShellScriptBuildPhase;
			buildActionMask = 2147483647;
			files = (
			);
			inputPaths = (
			);
			name = "📦 Embed Pods Frameworks";
			outputPaths = (
			);
			runOnlyForDeploymentPostprocessing = 0;
			shellPath = /bin/sh;
			shellScript = "\"${SRCROOT}/Pods/Target Support Files/Pods-final appTests/Pods-final appTests-frameworks.sh\"\n";
			showEnvVarsInLog = 0;
		};
		C06169BD0A71678FD613AD57 /* 📦 Copy Pods Resources */ = {
			isa = PBXShellScriptBuildPhase;
			buildActionMask = 2147483647;
			files = (
			);
			inputPaths = (
			);
			name = "📦 Copy Pods Resources";
			outputPaths = (
			);
			runOnlyForDeploymentPostprocessing = 0;
			shellPath = /bin/sh;
			shellScript = "\"${SRCROOT}/Pods/Target Support Files/Pods-final app/Pods-final app-resources.sh\"\n";
			showEnvVarsInLog = 0;
		};
		C308A8335DF4AE9F6E6CD791 /* 📦 Copy Pods Resources */ = {
			isa = PBXShellScriptBuildPhase;
			buildActionMask = 2147483647;
			files = (
			);
			inputPaths = (
			);
			name = "📦 Copy Pods Resources";
			outputPaths = (
			);
			runOnlyForDeploymentPostprocessing = 0;
			shellPath = /bin/sh;
			shellScript = "\"${SRCROOT}/Pods/Target Support Files/Pods-final appTests/Pods-final appTests-resources.sh\"\n";
			showEnvVarsInLog = 0;
		};
		DA5CDBBDAE1646BDA930964B /* 📦 Check Pods Manifest.lock */ = {
			isa = PBXShellScriptBuildPhase;
			buildActionMask = 2147483647;
			files = (
			);
			inputPaths = (
			);
			name = "📦 Check Pods Manifest.lock";
			outputPaths = (
			);
			runOnlyForDeploymentPostprocessing = 0;
			shellPath = /bin/sh;
			shellScript = "diff \"${PODS_ROOT}/../Podfile.lock\" \"${PODS_ROOT}/Manifest.lock\" > /dev/null\nif [[ $? != 0 ]] ; then\n    cat << EOM\nerror: The sandbox is not in sync with the Podfile.lock. Run 'pod install' or update your CocoaPods installation.\nEOM\n    exit 1\nfi\n";
			showEnvVarsInLog = 0;
		};
/* End PBXShellScriptBuildPhase section */

/* Begin PBXSourcesBuildPhase section */
		3FBAE3A21CD1C722009B09F2 /* Sources */ = {
			isa = PBXSourcesBuildPhase;
			buildActionMask = 2147483647;
			files = (
				3F7A13701CDB0E6F00506427 /* Photo.swift in Sources */,
				3F7A136A1CDB0B2B00506427 /* ListItem.swift in Sources */,
				3F7A136F1CDB0E6F00506427 /* Photo+CoreDataProperties.swift in Sources */,
				3FBAE3AC1CD1C722009B09F2 /* ViewController.swift in Sources */,
				3F08163D1CE35C83009C66E2 /* LoginViewController.swift in Sources */,
				3F8115641CDCC67A00A9B880 /* User.swift in Sources */,
				3F8115661CDCC6BB00A9B880 /* UserViewController.swift in Sources */,
				3F7A13681CDB0B2B00506427 /* List.swift in Sources */,
				3FBAE3AA1CD1C722009B09F2 /* AppDelegate.swift in Sources */,
				3FD74D391D05A58400DB91B2 /* PhotoCell2.swift in Sources */,
				3FE7983D1CF5F55700A91D0C /* ViewItemController.swift in Sources */,
				3F7E2C081CDA368000AA02B7 /* CategoriesController.swift in Sources */,
				3F8F38101CF337B700C75CD0 /* AddItemController.swift in Sources */,
				3FBAE3B21CD1C722009B09F2 /* final_app.xcdatamodeld in Sources */,
				3F8115631CDCC67A00A9B880 /* User+CoreDataProperties.swift in Sources */,
				3F7A136B1CDB0B2B00506427 /* Category+CoreDataProperties.swift in Sources */,
				3F8F381A1CF483A500C75CD0 /* ViewPhotoController.swift in Sources */,
				3F7A135E1CDAE80000506427 /* ListController.swift in Sources */,
				3F7A13691CDB0B2B00506427 /* ListItem+CoreDataProperties.swift in Sources */,
				3F08163B1CE354EC009C66E2 /* RegisterPageViewController.swift in Sources */,
				3F7A13671CDB0B2B00506427 /* List+CoreDataProperties.swift in Sources */,
				3F7A13601CDAED5800506427 /* ListItemController.swift in Sources */,
				3F8F38161CF3473900C75CD0 /* listItem2.swift in Sources */,
				3F8F38181CF4746200C75CD0 /* PhotoCell.swift in Sources */,
				3F7A136C1CDB0B2B00506427 /* Category.swift in Sources */,
			);
			runOnlyForDeploymentPostprocessing = 0;
		};
		3FBAE3B91CD1C722009B09F2 /* Sources */ = {
			isa = PBXSourcesBuildPhase;
			buildActionMask = 2147483647;
			files = (
				3FBAE3C21CD1C722009B09F2 /* final_appTests.swift in Sources */,
			);
			runOnlyForDeploymentPostprocessing = 0;
		};
		3FBAE3C41CD1C722009B09F2 /* Sources */ = {
			isa = PBXSourcesBuildPhase;
			buildActionMask = 2147483647;
			files = (
				3FBAE3CD1CD1C723009B09F2 /* final_appUITests.swift in Sources */,
			);
			runOnlyForDeploymentPostprocessing = 0;
		};
/* End PBXSourcesBuildPhase section */

/* Begin PBXTargetDependency section */
		3FBAE3BF1CD1C722009B09F2 /* PBXTargetDependency */ = {
			isa = PBXTargetDependency;
			target = 3FBAE3A51CD1C722009B09F2 /* final app */;
			targetProxy = 3FBAE3BE1CD1C722009B09F2 /* PBXContainerItemProxy */;
		};
		3FBAE3CA1CD1C722009B09F2 /* PBXTargetDependency */ = {
			isa = PBXTargetDependency;
			target = 3FBAE3A51CD1C722009B09F2 /* final app */;
			targetProxy = 3FBAE3C91CD1C722009B09F2 /* PBXContainerItemProxy */;
		};
/* End PBXTargetDependency section */

/* Begin PBXVariantGroup section */
		3FBAE3AD1CD1C722009B09F2 /* Main.storyboard */ = {
			isa = PBXVariantGroup;
			children = (
				3FBAE3AE1CD1C722009B09F2 /* Base */,
			);
			name = Main.storyboard;
			sourceTree = "<group>";
		};
		3FBAE3B51CD1C722009B09F2 /* LaunchScreen.storyboard */ = {
			isa = PBXVariantGroup;
			children = (
				3FBAE3B61CD1C722009B09F2 /* Base */,
			);
			name = LaunchScreen.storyboard;
			sourceTree = "<group>";
		};
/* End PBXVariantGroup section */

/* Begin XCBuildConfiguration section */
		3FBAE3CF1CD1C723009B09F2 /* Debug */ = {
			isa = XCBuildConfiguration;
			buildSettings = {
				ALWAYS_SEARCH_USER_PATHS = NO;
				CLANG_CXX_LANGUAGE_STANDARD = "gnu++0x";
				CLANG_CXX_LIBRARY = "libc++";
				CLANG_ENABLE_MODULES = YES;
				CLANG_ENABLE_OBJC_ARC = YES;
				CLANG_WARN_BOOL_CONVERSION = YES;
				CLANG_WARN_CONSTANT_CONVERSION = YES;
				CLANG_WARN_DIRECT_OBJC_ISA_USAGE = YES_ERROR;
				CLANG_WARN_EMPTY_BODY = YES;
				CLANG_WARN_ENUM_CONVERSION = YES;
				CLANG_WARN_INT_CONVERSION = YES;
				CLANG_WARN_OBJC_ROOT_CLASS = YES_ERROR;
				CLANG_WARN_UNREACHABLE_CODE = YES;
				CLANG_WARN__DUPLICATE_METHOD_MATCH = YES;
				"CODE_SIGN_IDENTITY[sdk=iphoneos*]" = "iPhone Developer";
				COPY_PHASE_STRIP = NO;
				DEBUG_INFORMATION_FORMAT = dwarf;
				ENABLE_STRICT_OBJC_MSGSEND = YES;
				ENABLE_TESTABILITY = YES;
				GCC_C_LANGUAGE_STANDARD = gnu99;
				GCC_DYNAMIC_NO_PIC = NO;
				GCC_NO_COMMON_BLOCKS = YES;
				GCC_OPTIMIZATION_LEVEL = 0;
				GCC_PREPROCESSOR_DEFINITIONS = (
					"DEBUG=1",
					"$(inherited)",
				);
				GCC_WARN_64_TO_32_BIT_CONVERSION = YES;
				GCC_WARN_ABOUT_RETURN_TYPE = YES_ERROR;
				GCC_WARN_UNDECLARED_SELECTOR = YES;
				GCC_WARN_UNINITIALIZED_AUTOS = YES_AGGRESSIVE;
				GCC_WARN_UNUSED_FUNCTION = YES;
				GCC_WARN_UNUSED_VARIABLE = YES;
				IPHONEOS_DEPLOYMENT_TARGET = 9.1;
				MTL_ENABLE_DEBUG_INFO = YES;
				ONLY_ACTIVE_ARCH = YES;
				SDKROOT = iphoneos;
				SWIFT_OPTIMIZATION_LEVEL = "-Onone";
			};
			name = Debug;
		};
		3FBAE3D01CD1C723009B09F2 /* Release */ = {
			isa = XCBuildConfiguration;
			buildSettings = {
				ALWAYS_SEARCH_USER_PATHS = NO;
				CLANG_CXX_LANGUAGE_STANDARD = "gnu++0x";
				CLANG_CXX_LIBRARY = "libc++";
				CLANG_ENABLE_MODULES = YES;
				CLANG_ENABLE_OBJC_ARC = YES;
				CLANG_WARN_BOOL_CONVERSION = YES;
				CLANG_WARN_CONSTANT_CONVERSION = YES;
				CLANG_WARN_DIRECT_OBJC_ISA_USAGE = YES_ERROR;
				CLANG_WARN_EMPTY_BODY = YES;
				CLANG_WARN_ENUM_CONVERSION = YES;
				CLANG_WARN_INT_CONVERSION = YES;
				CLANG_WARN_OBJC_ROOT_CLASS = YES_ERROR;
				CLANG_WARN_UNREACHABLE_CODE = YES;
				CLANG_WARN__DUPLICATE_METHOD_MATCH = YES;
				"CODE_SIGN_IDENTITY[sdk=iphoneos*]" = "iPhone Developer";
				COPY_PHASE_STRIP = NO;
				DEBUG_INFORMATION_FORMAT = "dwarf-with-dsym";
				ENABLE_NS_ASSERTIONS = NO;
				ENABLE_STRICT_OBJC_MSGSEND = YES;
				GCC_C_LANGUAGE_STANDARD = gnu99;
				GCC_NO_COMMON_BLOCKS = YES;
				GCC_WARN_64_TO_32_BIT_CONVERSION = YES;
				GCC_WARN_ABOUT_RETURN_TYPE = YES_ERROR;
				GCC_WARN_UNDECLARED_SELECTOR = YES;
				GCC_WARN_UNINITIALIZED_AUTOS = YES_AGGRESSIVE;
				GCC_WARN_UNUSED_FUNCTION = YES;
				GCC_WARN_UNUSED_VARIABLE = YES;
				IPHONEOS_DEPLOYMENT_TARGET = 9.1;
				MTL_ENABLE_DEBUG_INFO = NO;
				SDKROOT = iphoneos;
				VALIDATE_PRODUCT = YES;
			};
			name = Release;
		};
		3FBAE3D21CD1C723009B09F2 /* Debug */ = {
			isa = XCBuildConfiguration;
			baseConfigurationReference = 0D6CF71BEA5B45003B43D4B0 /* Pods-final app.debug.xcconfig */;
			buildSettings = {
				ASSETCATALOG_COMPILER_APPICON_NAME = AppIcon;
				CODE_SIGN_IDENTITY = "iPhone Developer";
				INFOPLIST_FILE = "final app/Info.plist";
				LD_RUNPATH_SEARCH_PATHS = "$(inherited) @executable_path/Frameworks";
				PRODUCT_BUNDLE_IDENTIFIER = "qldo1.final-app";
				PRODUCT_NAME = "$(TARGET_NAME)";
			};
			name = Debug;
		};
		3FBAE3D31CD1C723009B09F2 /* Release */ = {
			isa = XCBuildConfiguration;
			baseConfigurationReference = 1AC5DF46E2FBA9D02C239323 /* Pods-final app.release.xcconfig */;
			buildSettings = {
				ASSETCATALOG_COMPILER_APPICON_NAME = AppIcon;
				CODE_SIGN_IDENTITY = "iPhone Developer";
				INFOPLIST_FILE = "final app/Info.plist";
				LD_RUNPATH_SEARCH_PATHS = "$(inherited) @executable_path/Frameworks";
				PRODUCT_BUNDLE_IDENTIFIER = "qldo1.final-app";
				PRODUCT_NAME = "$(TARGET_NAME)";
			};
			name = Release;
		};
		3FBAE3D51CD1C723009B09F2 /* Debug */ = {
			isa = XCBuildConfiguration;
			baseConfigurationReference = 44C07861DB5C7CC53918F988 /* Pods-final appTests.debug.xcconfig */;
			buildSettings = {
				BUNDLE_LOADER = "$(TEST_HOST)";
				INFOPLIST_FILE = "final appTests/Info.plist";
				LD_RUNPATH_SEARCH_PATHS = "$(inherited) @executable_path/Frameworks @loader_path/Frameworks";
				PRODUCT_BUNDLE_IDENTIFIER = "qldo1.final-appTests";
				PRODUCT_NAME = "$(TARGET_NAME)";
				TEST_HOST = "$(BUILT_PRODUCTS_DIR)/final app.app/final app";
			};
			name = Debug;
		};
		3FBAE3D61CD1C723009B09F2 /* Release */ = {
			isa = XCBuildConfiguration;
			baseConfigurationReference = 0F2DF4F3A7211E229C1DE7F9 /* Pods-final appTests.release.xcconfig */;
			buildSettings = {
				BUNDLE_LOADER = "$(TEST_HOST)";
				INFOPLIST_FILE = "final appTests/Info.plist";
				LD_RUNPATH_SEARCH_PATHS = "$(inherited) @executable_path/Frameworks @loader_path/Frameworks";
				PRODUCT_BUNDLE_IDENTIFIER = "qldo1.final-appTests";
				PRODUCT_NAME = "$(TARGET_NAME)";
				TEST_HOST = "$(BUILT_PRODUCTS_DIR)/final app.app/final app";
			};
			name = Release;
		};
		3FBAE3D81CD1C723009B09F2 /* Debug */ = {
			isa = XCBuildConfiguration;
			baseConfigurationReference = 75416AACEABE249A2A7B387F /* Pods-final appUITests.debug.xcconfig */;
			buildSettings = {
				INFOPLIST_FILE = "final appUITests/Info.plist";
				LD_RUNPATH_SEARCH_PATHS = "$(inherited) @executable_path/Frameworks @loader_path/Frameworks";
				PRODUCT_BUNDLE_IDENTIFIER = "qldo1.final-appUITests";
				PRODUCT_NAME = "$(TARGET_NAME)";
				TEST_TARGET_NAME = "final app";
				USES_XCTRUNNER = YES;
			};
			name = Debug;
		};
		3FBAE3D91CD1C723009B09F2 /* Release */ = {
			isa = XCBuildConfiguration;
			baseConfigurationReference = BA5B388F7E3CE21935B3C5C0 /* Pods-final appUITests.release.xcconfig */;
			buildSettings = {
				INFOPLIST_FILE = "final appUITests/Info.plist";
				LD_RUNPATH_SEARCH_PATHS = "$(inherited) @executable_path/Frameworks @loader_path/Frameworks";
				PRODUCT_BUNDLE_IDENTIFIER = "qldo1.final-appUITests";
				PRODUCT_NAME = "$(TARGET_NAME)";
				TEST_TARGET_NAME = "final app";
				USES_XCTRUNNER = YES;
			};
			name = Release;
		};
/* End XCBuildConfiguration section */

/* Begin XCConfigurationList section */
		3FBAE3A11CD1C722009B09F2 /* Build configuration list for PBXProject "final app" */ = {
			isa = XCConfigurationList;
			buildConfigurations = (
				3FBAE3CF1CD1C723009B09F2 /* Debug */,
				3FBAE3D01CD1C723009B09F2 /* Release */,
			);
			defaultConfigurationIsVisible = 0;
			defaultConfigurationName = Release;
		};
		3FBAE3D11CD1C723009B09F2 /* Build configuration list for PBXNativeTarget "final app" */ = {
			isa = XCConfigurationList;
			buildConfigurations = (
				3FBAE3D21CD1C723009B09F2 /* Debug */,
				3FBAE3D31CD1C723009B09F2 /* Release */,
			);
			defaultConfigurationIsVisible = 0;
			defaultConfigurationName = Release;
		};
		3FBAE3D41CD1C723009B09F2 /* Build configuration list for PBXNativeTarget "final appTests" */ = {
			isa = XCConfigurationList;
			buildConfigurations = (
				3FBAE3D51CD1C723009B09F2 /* Debug */,
				3FBAE3D61CD1C723009B09F2 /* Release */,
			);
			defaultConfigurationIsVisible = 0;
			defaultConfigurationName = Release;
		};
		3FBAE3D71CD1C723009B09F2 /* Build configuration list for PBXNativeTarget "final appUITests" */ = {
			isa = XCConfigurationList;
			buildConfigurations = (
				3FBAE3D81CD1C723009B09F2 /* Debug */,
				3FBAE3D91CD1C723009B09F2 /* Release */,
			);
			defaultConfigurationIsVisible = 0;
			defaultConfigurationName = Release;
		};
/* End XCConfigurationList section */

/* Begin XCVersionGroup section */
		3FBAE3B01CD1C722009B09F2 /* final_app.xcdatamodeld */ = {
			isa = XCVersionGroup;
			children = (
				3FBAE3B11CD1C722009B09F2 /* final_app.xcdatamodel */,
			);
			currentVersion = 3FBAE3B11CD1C722009B09F2 /* final_app.xcdatamodel */;
			path = final_app.xcdatamodeld;
			sourceTree = "<group>";
			versionGroupType = wrapper.xcdatamodel;
		};
/* End XCVersionGroup section */
	};
	rootObject = 3FBAE39E1CD1C722009B09F2 /* Project object */;
}
